{
    "_meta": {
        "hash": {
            "sha256": "4d00d50d848d6d877c69f14ad898575ceda92778dd007dc56b84a68252a7d77c"
        },
        "pipfile-spec": 6,
        "requires": {},
        "sources": [
            {
                "name": "pypi",
                "url": "https://pypi.org/simple",
                "verify_ssl": true
            }
        ]
    },
    "default": {
        "numpy": {
            "hashes": [
                "sha256:0172304e7d8d40e9e49553901903dc5f5a49a703363ed756796f5808a06fc233",
                "sha256:34e96e9dae65c4839bd80012023aadd6ee2ccb73ce7fdf3074c62f301e63120b",
                "sha256:3676abe3d621fc467c4c1469ee11e395c82b2d6b5463a9454e37fe9da07cd0d7",
                "sha256:3dd6823d3e04b5f223e3e265b4a1eae15f104f4366edd409e5a5e413a98f911f",
                "sha256:4064f53d4cce69e9ac613256dc2162e56f20a4e2d2086b1956dd2fcf77b7fac5",
                "sha256:4674f7d27a6c1c52a4d1aa5f0881f1eff840d2206989bae6acb1c7668c02ebfb",
                "sha256:7d42ab8cedd175b5ebcb39b5208b25ba104842489ed59fbb29356f671ac93583",
                "sha256:965df25449305092b23d5145b9bdaeb0149b6e41a77a7d728b1644b3c99277c1",
                "sha256:9c9d6531bc1886454f44aa8f809268bc481295cf9740827254f53c30104f074a",
                "sha256:a78e438db8ec26d5d9d0e584b27ef25c7afa5a182d1bf4d05e313d2d6d515271",
                "sha256:a7acefddf994af1aeba05bbbafe4ba983a187079f125146dc5859e6d817df824",
                "sha256:a87f59508c2b7ceb8631c20630118cc546f1f815e034193dc72390db038a5cb3",
                "sha256:ac792b385d81151bae2a5a8adb2b88261ceb4976dbfaaad9ce3a200e036753dc",
                "sha256:b03b2c0badeb606d1232e5f78852c102c0a7989d3a534b3129e7856a52f3d161",
                "sha256:b39321f1a74d1f9183bf1638a745b4fd6fe80efbb1f6b32b932a588b4bc7695f",
                "sha256:cae14a01a159b1ed91a324722d746523ec757357260c6804d11d6147a9e53e3f",
                "sha256:cd49930af1d1e49a812d987c2620ee63965b619257bd76eaaa95870ca08837cf",
                "sha256:e15b382603c58f24265c9c931c9a45eebf44fe2e6b4eaedbb0d025ab3255228b",
                "sha256:e91d31b34fc7c2c8f756b4e902f901f856ae53a93399368d9a0dc7be17ed2ca0",
                "sha256:ef627986941b5edd1ed74ba89ca43196ed197f1a206a3f18cc9faf2fb84fd675",
                "sha256:f718a7949d1c4f622ff548c572e0c03440b49b9531ff00e4ed5738b459f011e8"
            ],
            "version": "==1.18.5"
        },
        "pillow": {
            "hashes": [
                "sha256:0011ec16bcab9f2f07afa95081ee025b3f0fe428611a000df0fbcb51dd873ca0",
                "sha256:0e5aedc62a78525fcfbec417d8db0073dff5de9d8544047f619d208e2cd3d323",
                "sha256:196d9ff5d0b070b50cd3a3c59ffa3b41232ca34dbd09e262bfa32047229d4b16",
                "sha256:1e1ed97d93676ba6e19124f8054ed439825292cecb490370729f90a27585f180",
                "sha256:2f44dc402c643a88b9453c6fce84e20b16352df42a98ab013aaebe07e1a1c478",
                "sha256:32facad1f01111505c0fa3f15b2acac13af231f6dc0e68927c8d2d23df8c25c5",
                "sha256:3d4e8b208346374e820bc5f88e753a4a2d35b6ead0aa1f45dcc7b9206780b983",
                "sha256:65422a17c9d08bf56d8eb0ce5c83863e050cec5f15e8b2042c955aa724ce515d",
                "sha256:75513b87a441c093a26a75974cd8373d8d40476cdb178309e8c2f2a534033ea3",
                "sha256:7ccf6e86bd9f7301b883c6ba180309ca6bd566b0324eb66566b0b841c974558e",
                "sha256:7dacf81a6b6b724a263c27a364030f81eef97398acda67d1ac50e722ad3cec59",
                "sha256:81655ad8b10acf81a644ad88faa9cd19ab2930f1b83ff6d32217f00de602b6e5",
                "sha256:83ab411759b9e1f6a695bea321e835bed448f767711da2630d597dabc69d0350",
                "sha256:87562ac8e35b873eabed6b02259dcec05d7c776fa6c478865fcb147f17ec7530",
                "sha256:c85cce00769e162cf50fc21451be9e627f60a9be22172d684c05dc7d0141c55b",
                "sha256:d071c33320c6f66730d1adea0bfd468ab5453627ff8974a6e56f43a48c60bce5",
                "sha256:dd4c3cfa93626ed08005abf3aa52b50dae28bf0bc4cb5a4626e9ce6878e7f700",
                "sha256:e0fbed3f29291c0e4b83c7f21809a709f5a46eefdad236ec2a11096ebb76c6ae",
                "sha256:ecabe2323e4ed3ce24eaea2120aca395723dd301e9fb03d7e0912a61343fc7f3",
                "sha256:f8e26f68b5f7b15ad9d1cc2c28ea57fe8c2f9dfee77f4e0519e833fdbe2feb8d",
                "sha256:fb13e40bd17615a03192f03cab35df0fbfb61ab58ef08ece42884a6bd314faf4",
                "sha256:fb1f9faa2984918cd7a3b18db1192463e0030500cb060c974b5fd98c13276a8e"
            ],
            "index": "pypi",
            "version": "==7.1.0"
        },
        "rtimulib": {
            "hashes": [
                "sha256:06541b526caca8d5cbc81d52bebd489736860e0f8b8701001cad50609acd2fd9"
            ],
            "index": "pypi",
            "version": "==7.2.1"
        },
        "sense-hat": {
            "hashes": [
                "sha256:35dd9357e184e8fa062b6989bce1441c6f60188375495b004a0fc6c896573c23",
                "sha256:f000998d042d96ed722d459312e1bebd0107f9f3015cd34b3e4fabcab9c800af"
            ],
            "index": "pypi",
            "version": "==2.2.0"
        }
    },
    "develop": {
        "numpy": {
            "hashes": [
                "sha256:0172304e7d8d40e9e49553901903dc5f5a49a703363ed756796f5808a06fc233",
                "sha256:34e96e9dae65c4839bd80012023aadd6ee2ccb73ce7fdf3074c62f301e63120b",
                "sha256:3676abe3d621fc467c4c1469ee11e395c82b2d6b5463a9454e37fe9da07cd0d7",
                "sha256:3dd6823d3e04b5f223e3e265b4a1eae15f104f4366edd409e5a5e413a98f911f",
                "sha256:4064f53d4cce69e9ac613256dc2162e56f20a4e2d2086b1956dd2fcf77b7fac5",
                "sha256:4674f7d27a6c1c52a4d1aa5f0881f1eff840d2206989bae6acb1c7668c02ebfb",
                "sha256:7d42ab8cedd175b5ebcb39b5208b25ba104842489ed59fbb29356f671ac93583",
                "sha256:965df25449305092b23d5145b9bdaeb0149b6e41a77a7d728b1644b3c99277c1",
                "sha256:9c9d6531bc1886454f44aa8f809268bc481295cf9740827254f53c30104f074a",
                "sha256:a78e438db8ec26d5d9d0e584b27ef25c7afa5a182d1bf4d05e313d2d6d515271",
                "sha256:a7acefddf994af1aeba05bbbafe4ba983a187079f125146dc5859e6d817df824",
                "sha256:a87f59508c2b7ceb8631c20630118cc546f1f815e034193dc72390db038a5cb3",
                "sha256:ac792b385d81151bae2a5a8adb2b88261ceb4976dbfaaad9ce3a200e036753dc",
                "sha256:b03b2c0badeb606d1232e5f78852c102c0a7989d3a534b3129e7856a52f3d161",
                "sha256:b39321f1a74d1f9183bf1638a745b4fd6fe80efbb1f6b32b932a588b4bc7695f",
                "sha256:cae14a01a159b1ed91a324722d746523ec757357260c6804d11d6147a9e53e3f",
                "sha256:cd49930af1d1e49a812d987c2620ee63965b619257bd76eaaa95870ca08837cf",
                "sha256:e15b382603c58f24265c9c931c9a45eebf44fe2e6b4eaedbb0d025ab3255228b",
                "sha256:e91d31b34fc7c2c8f756b4e902f901f856ae53a93399368d9a0dc7be17ed2ca0",
                "sha256:ef627986941b5edd1ed74ba89ca43196ed197f1a206a3f18cc9faf2fb84fd675",
                "sha256:f718a7949d1c4f622ff548c572e0c03440b49b9531ff00e4ed5738b459f011e8"
            ],
            "version": "==1.18.5"
        },
        "pillow": {
            "hashes": [
                "sha256:0011ec16bcab9f2f07afa95081ee025b3f0fe428611a000df0fbcb51dd873ca0",
                "sha256:0e5aedc62a78525fcfbec417d8db0073dff5de9d8544047f619d208e2cd3d323",
                "sha256:196d9ff5d0b070b50cd3a3c59ffa3b41232ca34dbd09e262bfa32047229d4b16",
                "sha256:1e1ed97d93676ba6e19124f8054ed439825292cecb490370729f90a27585f180",
                "sha256:2f44dc402c643a88b9453c6fce84e20b16352df42a98ab013aaebe07e1a1c478",
                "sha256:32facad1f01111505c0fa3f15b2acac13af231f6dc0e68927c8d2d23df8c25c5",
                "sha256:3d4e8b208346374e820bc5f88e753a4a2d35b6ead0aa1f45dcc7b9206780b983",
                "sha256:65422a17c9d08bf56d8eb0ce5c83863e050cec5f15e8b2042c955aa724ce515d",
                "sha256:75513b87a441c093a26a75974cd8373d8d40476cdb178309e8c2f2a534033ea3",
                "sha256:7ccf6e86bd9f7301b883c6ba180309ca6bd566b0324eb66566b0b841c974558e",
                "sha256:7dacf81a6b6b724a263c27a364030f81eef97398acda67d1ac50e722ad3cec59",
                "sha256:81655ad8b10acf81a644ad88faa9cd19ab2930f1b83ff6d32217f00de602b6e5",
                "sha256:83ab411759b9e1f6a695bea321e835bed448f767711da2630d597dabc69d0350",
                "sha256:87562ac8e35b873eabed6b02259dcec05d7c776fa6c478865fcb147f17ec7530",
                "sha256:c85cce00769e162cf50fc21451be9e627f60a9be22172d684c05dc7d0141c55b",
                "sha256:d071c33320c6f66730d1adea0bfd468ab5453627ff8974a6e56f43a48c60bce5",
                "sha256:dd4c3cfa93626ed08005abf3aa52b50dae28bf0bc4cb5a4626e9ce6878e7f700",
                "sha256:e0fbed3f29291c0e4b83c7f21809a709f5a46eefdad236ec2a11096ebb76c6ae",
                "sha256:ecabe2323e4ed3ce24eaea2120aca395723dd301e9fb03d7e0912a61343fc7f3",
                "sha256:f8e26f68b5f7b15ad9d1cc2c28ea57fe8c2f9dfee77f4e0519e833fdbe2feb8d",
                "sha256:fb13e40bd17615a03192f03cab35df0fbfb61ab58ef08ece42884a6bd314faf4",
                "sha256:fb1f9faa2984918cd7a3b18db1192463e0030500cb060c974b5fd98c13276a8e"
            ],
            "index": "pypi",
            "version": "==7.1.0"
        },
        "pycairo": {
            "hashes": [
                "sha256:2c143183280feb67f5beb4e543fd49990c28e7df427301ede04fc550d3562e84"
            ],
            "version": "==1.19.1"
        },
        "pygobject": {
            "hashes": [
                "sha256:250fb669b6ac64eba034cc4404fcbcc993717b1f77c29dff29f8c9202da20d55"
            ],
            "index": "pypi",
            "version": "==3.28.3"
        },
        "sense-emu": {
            "hashes": [
                "sha256:d39848e6a8fa4cfba154a72793d8138442ebbd1fe873965d982f23a7a9877f95"
            ],
            "index": "pypi",
            "version": "==1.0"
        }
    }
}
